
Microsoft Visual Studio Solution File, Format Version 12.00
# Visual Studio Version 16
VisualStudioVersion = 16.0.31321.278
MinimumVisualStudioVersion = 10.0.40219.1
Project("{FAE04EC0-301F-11D3-BF4B-00C04F79EFBC}") = "SPARK125", "SPARK125.csproj", "{BC2411FA-8280-42E9-B310-FE561F511E59}"
EndProject
Global
	GlobalSection(SolutionConfigurationPlatforms) = preSolution
		Debug|Any CPU = Debug|Any CPU
		Release|Any CPU = Release|Any CPU
	EndGlobalSection
	GlobalSection(ProjectConfigurationPlatforms) = postSolution
		{BC2411FA-8280-42E9-B310-FE561F511E59}.Debug|Any CPU.ActiveCfg = Debug|Any CPU
		{BC2411FA-8280-42E9-B310-FE561F511E59}.Debug|Any CPU.Build.0 = Debug|Any CPU
		{BC2411FA-8280-42E9-B310-FE561F511E59}.Release|Any CPU.ActiveCfg = Release|Any CPU
		{BC2411FA-8280-42E9-B310-FE561F511E59}.Release|Any CPU.Build.0 = Release|Any CPU
	EndGlobalSection
	GlobalSection(SolutionProperties) = preSolution
		HideSolutionNode = FALSE
	EndGlobalSection
	GlobalSection(ExtensibilityGlobals) = postSolution
		SolutionGuid = {199620F0-D66E-43FD-AABB-106D64BA8BB2}
	EndGlobalSection
EndGlobal
